
Microsoft Visual Studio Solution File, Format Version 12.00
# Visual Studio Version 17
VisualStudioVersion = 17.9.34728.123
MinimumVisualStudioVersion = 10.0.40219.1
Project("{FAE04EC0-301F-11D3-BF4B-00C04F79EFBC}") = "RustStashServer.Core", "RustStashServer.Core\RustStashServer.Core.csproj", "{E781BD96-5AE7-43A9-818C-7A8CD031EE62}"
EndProject
Project("{FAE04EC0-301F-11D3-BF4B-00C04F79EFBC}") = "RustStashServer.GraphQL", "RustStashServer.GraphQL\RustStashServer.GraphQL.csproj", "{40CC4C13-65DA-4DA1-BD6D-CAA9CF62880F}"
EndProject
Project("{FAE04EC0-301F-11D3-BF4B-00C04F79EFBC}") = "RustStashServer.Seed", "RustStashServer.Seed\RustStashServer.Seed.csproj", "{8EE10DF7-0B2E-4875-8D7E-FA8A4E2FB23C}"
EndProject
Project("{FAE04EC0-301F-11D3-BF4B-00C04F79EFBC}") = "RustStashServer.Web", "RustStashServer.Web\RustStashServer.Web.csproj", "{5985BB88-BBC8-439C-98C7-BEC553ABCF3E}"
EndProject
Global
	GlobalSection(SolutionConfigurationPlatforms) = preSolution
		Debug|Any CPU = Debug|Any CPU
		Release|Any CPU = Release|Any CPU
	EndGlobalSection
	GlobalSection(ProjectConfigurationPlatforms) = postSolution
		{E781BD96-5AE7-43A9-818C-7A8CD031EE62}.Debug|Any CPU.ActiveCfg = Debug|Any CPU
		{E781BD96-5AE7-43A9-818C-7A8CD031EE62}.Debug|Any CPU.Build.0 = Debug|Any CPU
		{E781BD96-5AE7-43A9-818C-7A8CD031EE62}.Release|Any CPU.ActiveCfg = Release|Any CPU
		{E781BD96-5AE7-43A9-818C-7A8CD031EE62}.Release|Any CPU.Build.0 = Release|Any CPU
		{40CC4C13-65DA-4DA1-BD6D-CAA9CF62880F}.Debug|Any CPU.ActiveCfg = Debug|Any CPU
		{40CC4C13-65DA-4DA1-BD6D-CAA9CF62880F}.Debug|Any CPU.Build.0 = Debug|Any CPU
		{40CC4C13-65DA-4DA1-BD6D-CAA9CF62880F}.Release|Any CPU.ActiveCfg = Release|Any CPU
		{40CC4C13-65DA-4DA1-BD6D-CAA9CF62880F}.Release|Any CPU.Build.0 = Release|Any CPU
		{8EE10DF7-0B2E-4875-8D7E-FA8A4E2FB23C}.Debug|Any CPU.ActiveCfg = Debug|Any CPU
		{8EE10DF7-0B2E-4875-8D7E-FA8A4E2FB23C}.Debug|Any CPU.Build.0 = Debug|Any CPU
		{8EE10DF7-0B2E-4875-8D7E-FA8A4E2FB23C}.Release|Any CPU.ActiveCfg = Release|Any CPU
		{8EE10DF7-0B2E-4875-8D7E-FA8A4E2FB23C}.Release|Any CPU.Build.0 = Release|Any CPU
		{5985BB88-BBC8-439C-98C7-BEC553ABCF3E}.Debug|Any CPU.ActiveCfg = Debug|Any CPU
		{5985BB88-BBC8-439C-98C7-BEC553ABCF3E}.Debug|Any CPU.Build.0 = Debug|Any CPU
		{5985BB88-BBC8-439C-98C7-BEC553ABCF3E}.Release|Any CPU.ActiveCfg = Release|Any CPU
		{5985BB88-BBC8-439C-98C7-BEC553ABCF3E}.Release|Any CPU.Build.0 = Release|Any CPU
	EndGlobalSection
	GlobalSection(SolutionProperties) = preSolution
		HideSolutionNode = FALSE
	EndGlobalSection
	GlobalSection(ExtensibilityGlobals) = postSolution
		SolutionGuid = {5E294D1F-C731-4A13-BA83-4C3ECDB0A470}
	EndGlobalSection
EndGlobal
